<Solution>
  <Project Path="MiniEnv.Api/MiniEnv.Api.csproj" />
  <Project Path="MiniEnv.AppHost/MiniEnv.AppHost.csproj" />
  <Project Path="MiniEnv.Application/MiniEnv.Application.csproj" />
  <Project Path="MiniEnv.Domain/MiniEnv.Domain.csproj" />
  <Project Path="MiniEnv.Infrastructure/MiniEnv.Infrastructure.csproj" />
  <Project Path="MiniEnv.Workers/MiniEnv.Workers.csproj" />
</Solution>
