<Solution>
  <Folder Name="/Itens de Solução/">
    <File Path="docker-compose.ps1" />
    <File Path="docker-compose.yml" />
    <File Path="Dockerfile" />
    <File Path="Dockerfile.worker" />
  </Folder>
  <Project Path="MiniEnv.Api/MiniEnv.Api.csproj" />
  <Project Path="MiniEnv.AppHost/MiniEnv.AppHost.csproj" />
  <Project Path="MiniEnv.Application/MiniEnv.Application.csproj" />
  <Project Path="MiniEnv.Domain/MiniEnv.Domain.csproj" />
  <Project Path="MiniEnv.Infrastructure/MiniEnv.Infrastructure.csproj" />
  <Project Path="MiniEnv.Workers/MiniEnv.Workers.csproj" />
</Solution>
